
Microsoft Visual Studio Solution File, Format Version 12.00
# Visual Studio Version 17
VisualStudioVersion = 17.5.002.0
MinimumVisualStudioVersion = 10.0.40219.1
Project("{2150E333-8FDC-42A3-9474-1A3956D46DE8}") = "csharp-prep", "csharp-prep", "{075EA890-0C75-4AF6-AD52-F964D5E7E4B1}"
EndProject
Project("{9A19103F-16F7-4668-BE54-9A1E7A4F7556}") = "Prep1", "csharp-prep\Prep1\Prep1.csproj", "{EAB9F52C-6188-4F57-BDB0-8BDCCAE0A166}"
EndProject
Project("{9A19103F-16F7-4668-BE54-9A1E7A4F7556}") = "Prep2", "csharp-prep\Prep2\Prep2.csproj", "{25B2A079-BB71-439F-B4D7-9EB0BFE703B4}"
EndProject
Project("{9A19103F-16F7-4668-BE54-9A1E7A4F7556}") = "Prep3", "csharp-prep\Prep3\Prep3.csproj", "{B92E156A-6EBB-497D-B656-7C4C698B0DCA}"
EndProject
Project("{9A19103F-16F7-4668-BE54-9A1E7A4F7556}") = "Prep4", "csharp-prep\Prep4\Prep4.csproj", "{56B11CB4-7892-401D-9873-1B86345F897E}"
EndProject
Project("{9A19103F-16F7-4668-BE54-9A1E7A4F7556}") = "Prep5", "csharp-prep\Prep5\Prep5.csproj", "{BC000349-23AC-4E3A-83CE-D4A1C4C3493E}"
EndProject
Project("{2150E333-8FDC-42A3-9474-1A3956D46DE8}") = "final", "final", "{2BC67049-19F9-4C85-9EC6-E374297D2199}"
EndProject
Project("{9A19103F-16F7-4668-BE54-9A1E7A4F7556}") = "FinalProject", "final\FinalProject\FinalProject.csproj", "{C5C27EBC-7EA1-474A-A317-749D592E2BF7}"
EndProject
Project("{9A19103F-16F7-4668-BE54-9A1E7A4F7556}") = "Foundation1", "final\Foundation1\Foundation1.csproj", "{DBDC8EAA-AACE-40F8-B681-63ECA7B0E5D6}"
EndProject
Project("{9A19103F-16F7-4668-BE54-9A1E7A4F7556}") = "Foundation2", "final\Foundation2\Foundation2.csproj", "{BB266193-4A88-4779-81D4-7726492B326F}"
EndProject
Project("{9A19103F-16F7-4668-BE54-9A1E7A4F7556}") = "Foundation3", "final\Foundation3\Foundation3.csproj", "{925860C7-8BDF-40D6-BDA7-9A7CB3BD0B68}"
EndProject
Project("{9A19103F-16F7-4668-BE54-9A1E7A4F7556}") = "Foundation4", "final\Foundation4\Foundation4.csproj", "{23A756EE-C931-426F-B90E-DEB1FC238ACD}"
EndProject
Project("{2150E333-8FDC-42A3-9474-1A3956D46DE8}") = "prepare", "prepare", "{A7BA2351-ADB1-4608-BE3E-2F73D59E875F}"
EndProject
Project("{9A19103F-16F7-4668-BE54-9A1E7A4F7556}") = "Learning02", "prepare\Learning02\Learning02.csproj", "{1F2BA37F-7881-4B05-8620-047C54D7797B}"
EndProject
Project("{9A19103F-16F7-4668-BE54-9A1E7A4F7556}") = "Learning03", "prepare\Learning03\Learning03.csproj", "{4D6FB8D2-567C-4884-88E6-2B078D3A97AD}"
EndProject
Project("{9A19103F-16F7-4668-BE54-9A1E7A4F7556}") = "Learning04", "prepare\Learning04\Learning04.csproj", "{4583F4CD-25F9-4BC2-8D41-D3C6BC50A176}"
EndProject
Project("{9A19103F-16F7-4668-BE54-9A1E7A4F7556}") = "Learning05", "prepare\Learning05\Learning05.csproj", "{8A673C71-B2ED-42F8-B7AF-B1B439ECAAEF}"
EndProject
Project("{2150E333-8FDC-42A3-9474-1A3956D46DE8}") = "prove", "prove", "{5060EEA8-3A2F-44E3-AC88-96101E7E6901}"
EndProject
Project("{9A19103F-16F7-4668-BE54-9A1E7A4F7556}") = "Develop02", "prove\Develop02\Develop02.csproj", "{FB27282C-52B9-4847-B557-8EC686508F19}"
EndProject
Project("{9A19103F-16F7-4668-BE54-9A1E7A4F7556}") = "Develop03", "prove\Develop03\Develop03.csproj", "{F6A24649-2B3A-4F39-92EE-1EA432660B35}"
EndProject
Project("{9A19103F-16F7-4668-BE54-9A1E7A4F7556}") = "Develop04", "prove\Develop04\Develop04.csproj", "{58495BAB-C89A-4449-8CAE-2FD9E8694F31}"
EndProject
Project("{9A19103F-16F7-4668-BE54-9A1E7A4F7556}") = "Develop05", "prove\Develop05\Develop05.csproj", "{BD581EEA-DDBC-46A8-A531-5A14624FFEFB}"
EndProject
Project("{2150E333-8FDC-42A3-9474-1A3956D46DE8}") = "sandbox", "sandbox", "{3A47774D-5EAC-44B1-A3E7-B9BDA3658561}"
EndProject
Project("{9A19103F-16F7-4668-BE54-9A1E7A4F7556}") = "Sandbox", "sandbox\Sandbox\Sandbox.csproj", "{C43E2428-92DA-45C0-A904-BF15E4460F41}"
EndProject
Global
	GlobalSection(SolutionConfigurationPlatforms) = preSolution
		Debug|Any CPU = Debug|Any CPU
		Release|Any CPU = Release|Any CPU
	EndGlobalSection
	GlobalSection(ProjectConfigurationPlatforms) = postSolution
		{EAB9F52C-6188-4F57-BDB0-8BDCCAE0A166}.Debug|Any CPU.ActiveCfg = Debug|Any CPU
		{EAB9F52C-6188-4F57-BDB0-8BDCCAE0A166}.Debug|Any CPU.Build.0 = Debug|Any CPU
		{EAB9F52C-6188-4F57-BDB0-8BDCCAE0A166}.Release|Any CPU.ActiveCfg = Release|Any CPU
		{EAB9F52C-6188-4F57-BDB0-8BDCCAE0A166}.Release|Any CPU.Build.0 = Release|Any CPU
		{25B2A079-BB71-439F-B4D7-9EB0BFE703B4}.Debug|Any CPU.ActiveCfg = Debug|Any CPU
		{25B2A079-BB71-439F-B4D7-9EB0BFE703B4}.Debug|Any CPU.Build.0 = Debug|Any CPU
		{25B2A079-BB71-439F-B4D7-9EB0BFE703B4}.Release|Any CPU.ActiveCfg = Release|Any CPU
		{25B2A079-BB71-439F-B4D7-9EB0BFE703B4}.Release|Any CPU.Build.0 = Release|Any CPU
		{B92E156A-6EBB-497D-B656-7C4C698B0DCA}.Debug|Any CPU.ActiveCfg = Debug|Any CPU
		{B92E156A-6EBB-497D-B656-7C4C698B0DCA}.Debug|Any CPU.Build.0 = Debug|Any CPU
		{B92E156A-6EBB-497D-B656-7C4C698B0DCA}.Release|Any CPU.ActiveCfg = Release|Any CPU
		{B92E156A-6EBB-497D-B656-7C4C698B0DCA}.Release|Any CPU.Build.0 = Release|Any CPU
		{56B11CB4-7892-401D-9873-1B86345F897E}.Debug|Any CPU.ActiveCfg = Debug|Any CPU
		{56B11CB4-7892-401D-9873-1B86345F897E}.Debug|Any CPU.Build.0 = Debug|Any CPU
		{56B11CB4-7892-401D-9873-1B86345F897E}.Release|Any CPU.ActiveCfg = Release|Any CPU
		{56B11CB4-7892-401D-9873-1B86345F897E}.Release|Any CPU.Build.0 = Release|Any CPU
		{BC000349-23AC-4E3A-83CE-D4A1C4C3493E}.Debug|Any CPU.ActiveCfg = Debug|Any CPU
		{BC000349-23AC-4E3A-83CE-D4A1C4C3493E}.Debug|Any CPU.Build.0 = Debug|Any CPU
		{BC000349-23AC-4E3A-83CE-D4A1C4C3493E}.Release|Any CPU.ActiveCfg = Release|Any CPU
		{BC000349-23AC-4E3A-83CE-D4A1C4C3493E}.Release|Any CPU.Build.0 = Release|Any CPU
		{C5C27EBC-7EA1-474A-A317-749D592E2BF7}.Debug|Any CPU.ActiveCfg = Debug|Any CPU
		{C5C27EBC-7EA1-474A-A317-749D592E2BF7}.Debug|Any CPU.Build.0 = Debug|Any CPU
		{C5C27EBC-7EA1-474A-A317-749D592E2BF7}.Release|Any CPU.ActiveCfg = Release|Any CPU
		{C5C27EBC-7EA1-474A-A317-749D592E2BF7}.Release|Any CPU.Build.0 = Release|Any CPU
		{DBDC8EAA-AACE-40F8-B681-63ECA7B0E5D6}.Debug|Any CPU.ActiveCfg = Debug|Any CPU
		{DBDC8EAA-AACE-40F8-B681-63ECA7B0E5D6}.Debug|Any CPU.Build.0 = Debug|Any CPU
		{DBDC8EAA-AACE-40F8-B681-63ECA7B0E5D6}.Release|Any CPU.ActiveCfg = Release|Any CPU
		{DBDC8EAA-AACE-40F8-B681-63ECA7B0E5D6}.Release|Any CPU.Build.0 = Release|Any CPU
		{BB266193-4A88-4779-81D4-7726492B326F}.Debug|Any CPU.ActiveCfg = Debug|Any CPU
		{BB266193-4A88-4779-81D4-7726492B326F}.Debug|Any CPU.Build.0 = Debug|Any CPU
		{BB266193-4A88-4779-81D4-7726492B326F}.Release|Any CPU.ActiveCfg = Release|Any CPU
		{BB266193-4A88-4779-81D4-7726492B326F}.Release|Any CPU.Build.0 = Release|Any CPU
		{925860C7-8BDF-40D6-BDA7-9A7CB3BD0B68}.Debug|Any CPU.ActiveCfg = Debug|Any CPU
		{925860C7-8BDF-40D6-BDA7-9A7CB3BD0B68}.Debug|Any CPU.Build.0 = Debug|Any CPU
		{925860C7-8BDF-40D6-BDA7-9A7CB3BD0B68}.Release|Any CPU.ActiveCfg = Release|Any CPU
		{925860C7-8BDF-40D6-BDA7-9A7CB3BD0B68}.Release|Any CPU.Build.0 = Release|Any CPU
		{23A756EE-C931-426F-B90E-DEB1FC238ACD}.Debug|Any CPU.ActiveCfg = Debug|Any CPU
		{23A756EE-C931-426F-B90E-DEB1FC238ACD}.Debug|Any CPU.Build.0 = Debug|Any CPU
		{23A756EE-C931-426F-B90E-DEB1FC238ACD}.Release|Any CPU.ActiveCfg = Release|Any CPU
		{23A756EE-C931-426F-B90E-DEB1FC238ACD}.Release|Any CPU.Build.0 = Release|Any CPU
		{1F2BA37F-7881-4B05-8620-047C54D7797B}.Debug|Any CPU.ActiveCfg = Debug|Any CPU
		{1F2BA37F-7881-4B05-8620-047C54D7797B}.Debug|Any CPU.Build.0 = Debug|Any CPU
		{1F2BA37F-7881-4B05-8620-047C54D7797B}.Release|Any CPU.ActiveCfg = Release|Any CPU
		{1F2BA37F-7881-4B05-8620-047C54D7797B}.Release|Any CPU.Build.0 = Release|Any CPU
		{4D6FB8D2-567C-4884-88E6-2B078D3A97AD}.Debug|Any CPU.ActiveCfg = Debug|Any CPU
		{4D6FB8D2-567C-4884-88E6-2B078D3A97AD}.Debug|Any CPU.Build.0 = Debug|Any CPU
		{4D6FB8D2-567C-4884-88E6-2B078D3A97AD}.Release|Any CPU.ActiveCfg = Release|Any CPU
		{4D6FB8D2-567C-4884-88E6-2B078D3A97AD}.Release|Any CPU.Build.0 = Release|Any CPU
		{4583F4CD-25F9-4BC2-8D41-D3C6BC50A176}.Debug|Any CPU.ActiveCfg = Debug|Any CPU
		{4583F4CD-25F9-4BC2-8D41-D3C6BC50A176}.Debug|Any CPU.Build.0 = Debug|Any CPU
		{4583F4CD-25F9-4BC2-8D41-D3C6BC50A176}.Release|Any CPU.ActiveCfg = Release|Any CPU
		{4583F4CD-25F9-4BC2-8D41-D3C6BC50A176}.Release|Any CPU.Build.0 = Release|Any CPU
		{8A673C71-B2ED-42F8-B7AF-B1B439ECAAEF}.Debug|Any CPU.ActiveCfg = Debug|Any CPU
		{8A673C71-B2ED-42F8-B7AF-B1B439ECAAEF}.Debug|Any CPU.Build.0 = Debug|Any CPU
		{8A673C71-B2ED-42F8-B7AF-B1B439ECAAEF}.Release|Any CPU.ActiveCfg = Release|Any CPU
		{8A673C71-B2ED-42F8-B7AF-B1B439ECAAEF}.Release|Any CPU.Build.0 = Release|Any CPU
		{FB27282C-52B9-4847-B557-8EC686508F19}.Debug|Any CPU.ActiveCfg = Debug|Any CPU
		{FB27282C-52B9-4847-B557-8EC686508F19}.Debug|Any CPU.Build.0 = Debug|Any CPU
		{FB27282C-52B9-4847-B557-8EC686508F19}.Release|Any CPU.ActiveCfg = Release|Any CPU
		{FB27282C-52B9-4847-B557-8EC686508F19}.Release|Any CPU.Build.0 = Release|Any CPU
		{F6A24649-2B3A-4F39-92EE-1EA432660B35}.Debug|Any CPU.ActiveCfg = Debug|Any CPU
		{F6A24649-2B3A-4F39-92EE-1EA432660B35}.Debug|Any CPU.Build.0 = Debug|Any CPU
		{F6A24649-2B3A-4F39-92EE-1EA432660B35}.Release|Any CPU.ActiveCfg = Release|Any CPU
		{F6A24649-2B3A-4F39-92EE-1EA432660B35}.Release|Any CPU.Build.0 = Release|Any CPU
		{58495BAB-C89A-4449-8CAE-2FD9E8694F31}.Debug|Any CPU.ActiveCfg = Debug|Any CPU
		{58495BAB-C89A-4449-8CAE-2FD9E8694F31}.Debug|Any CPU.Build.0 = Debug|Any CPU
		{58495BAB-C89A-4449-8CAE-2FD9E8694F31}.Release|Any CPU.ActiveCfg = Release|Any CPU
		{58495BAB-C89A-4449-8CAE-2FD9E8694F31}.Release|Any CPU.Build.0 = Release|Any CPU
		{BD581EEA-DDBC-46A8-A531-5A14624FFEFB}.Debug|Any CPU.ActiveCfg = Debug|Any CPU
		{BD581EEA-DDBC-46A8-A531-5A14624FFEFB}.Debug|Any CPU.Build.0 = Debug|Any CPU
		{BD581EEA-DDBC-46A8-A531-5A14624FFEFB}.Release|Any CPU.ActiveCfg = Release|Any CPU
		{BD581EEA-DDBC-46A8-A531-5A14624FFEFB}.Release|Any CPU.Build.0 = Release|Any CPU
		{C43E2428-92DA-45C0-A904-BF15E4460F41}.Debug|Any CPU.ActiveCfg = Debug|Any CPU
		{C43E2428-92DA-45C0-A904-BF15E4460F41}.Debug|Any CPU.Build.0 = Debug|Any CPU
		{C43E2428-92DA-45C0-A904-BF15E4460F41}.Release|Any CPU.ActiveCfg = Release|Any CPU
		{C43E2428-92DA-45C0-A904-BF15E4460F41}.Release|Any CPU.Build.0 = Release|Any CPU
	EndGlobalSection
	GlobalSection(SolutionProperties) = preSolution
		HideSolutionNode = FALSE
	EndGlobalSection
	GlobalSection(NestedProjects) = preSolution
		{EAB9F52C-6188-4F57-BDB0-8BDCCAE0A166} = {075EA890-0C75-4AF6-AD52-F964D5E7E4B1}
		{25B2A079-BB71-439F-B4D7-9EB0BFE703B4} = {075EA890-0C75-4AF6-AD52-F964D5E7E4B1}
		{B92E156A-6EBB-497D-B656-7C4C698B0DCA} = {075EA890-0C75-4AF6-AD52-F964D5E7E4B1}
		{56B11CB4-7892-401D-9873-1B86345F897E} = {075EA890-0C75-4AF6-AD52-F964D5E7E4B1}
		{BC000349-23AC-4E3A-83CE-D4A1C4C3493E} = {075EA890-0C75-4AF6-AD52-F964D5E7E4B1}
		{C5C27EBC-7EA1-474A-A317-749D592E2BF7} = {2BC67049-19F9-4C85-9EC6-E374297D2199}
		{DBDC8EAA-AACE-40F8-B681-63ECA7B0E5D6} = {2BC67049-19F9-4C85-9EC6-E374297D2199}
		{BB266193-4A88-4779-81D4-7726492B326F} = {2BC67049-19F9-4C85-9EC6-E374297D2199}
		{925860C7-8BDF-40D6-BDA7-9A7CB3BD0B68} = {2BC67049-19F9-4C85-9EC6-E374297D2199}
		{23A756EE-C931-426F-B90E-DEB1FC238ACD} = {2BC67049-19F9-4C85-9EC6-E374297D2199}
		{1F2BA37F-7881-4B05-8620-047C54D7797B} = {A7BA2351-ADB1-4608-BE3E-2F73D59E875F}
		{4D6FB8D2-567C-4884-88E6-2B078D3A97AD} = {A7BA2351-ADB1-4608-BE3E-2F73D59E875F}
		{4583F4CD-25F9-4BC2-8D41-D3C6BC50A176} = {A7BA2351-ADB1-4608-BE3E-2F73D59E875F}
		{8A673C71-B2ED-42F8-B7AF-B1B439ECAAEF} = {A7BA2351-ADB1-4608-BE3E-2F73D59E875F}
		{FB27282C-52B9-4847-B557-8EC686508F19} = {5060EEA8-3A2F-44E3-AC88-96101E7E6901}
		{F6A24649-2B3A-4F39-92EE-1EA432660B35} = {5060EEA8-3A2F-44E3-AC88-96101E7E6901}
		{58495BAB-C89A-4449-8CAE-2FD9E8694F31} = {5060EEA8-3A2F-44E3-AC88-96101E7E6901}
		{BD581EEA-DDBC-46A8-A531-5A14624FFEFB} = {5060EEA8-3A2F-44E3-AC88-96101E7E6901}
		{C43E2428-92DA-45C0-A904-BF15E4460F41} = {3A47774D-5EAC-44B1-A3E7-B9BDA3658561}
	EndGlobalSection
	GlobalSection(ExtensibilityGlobals) = postSolution
		SolutionGuid = {FD307B22-B64C-4D0E-9FBA-5F6A9141F88F}
	EndGlobalSection
EndGlobal
